{
  "nodes": {
    "archix": {
      "inputs": {
        "nixpkgs": [
          "nixpkgs"
        ]
      },
      "locked": {
        "lastModified": 1770376091,
        "narHash": "sha256-t7+LIzNSdmqsYcixcfsdoXOp+ic8U/obcPE3P4QM0yA=",
        "owner": "SamLukeYes",
        "repo": "archix",
        "rev": "a9268a7a03e0d46c6d420d2fd1c44a9c45a27049",
        "type": "github"
      },
      "original": {
        "owner": "SamLukeYes",
        "repo": "archix",
        "type": "github"
      }
    },
    "nixpkgs": {
      "locked": {
        "lastModified": 1772433332,
        "narHash": "sha256-izhTDFKsg6KeVBxJS9EblGeQ8y+O8eCa6RcW874vxEc=",
        "owner": "NixOS",
        "repo": "nixpkgs",
        "rev": "cf59864ef8aa2e178cccedbe2c178185b0365705",
        "type": "github"
      },
      "original": {
        "id": "nixpkgs",
        "ref": "nixos-unstable",
        "type": "indirect"
      }
    },
    "root": {
      "inputs": {
        "archix": "archix",
        "nixpkgs": "nixpkgs"
      }
    }
  },
  "root": "root",
  "version": 7
}
