{
  "nodes": {
    "devenv": {
      "locked": {
        "dir": "src/modules",
        "lastModified": 1786415927,
        "narHash": "sha256-Ycjvh3jEXZ70Ii9+sH0nZhfcmc4LD0H5+iWjs9pgDw8=",
        "owner": "cachix",
        "repo": "devenv",
        "rev": "3656df59d44f4983a9b5341a28d6f40cd58129d9",
        "type": "github"
      },
      "original": {
        "dir": "src/modules",
        "owner": "cachix",
        "repo": "devenv",
        "type": "github"
      }
    },
    "nixpkgs": {
      "locked": {
        "lastModified": 1786348146,
        "narHash": "sha256-we5zDEFfn8TgzeWKjKDMIjeQZ59omEPl23NIF+13/ys=",
        "owner": "NixOS",
        "repo": "nixpkgs",
        "rev": "d482ef84049d9b7276b83a06e4e4d76983830097",
        "type": "github"
      },
      "original": {
        "owner": "NixOS",
        "ref": "nixpkgs-unstable",
        "repo": "nixpkgs",
        "type": "github"
      }
    },
    "root": {
      "inputs": {
        "devenv": "devenv",
        "nixpkgs": "nixpkgs"
      }
    }
  },
  "root": "root",
  "version": 7
}