{
  "nodes": {
    "devenv": {
      "locked": {
        "dir": "src/modules",
        "lastModified": 1783538213,
        "narHash": "sha256-jNjKlmrejUrBgVAeiavlMLlkmC7ZEv1D9nhfuwMW5Q8=",
        "owner": "cachix",
        "repo": "devenv",
        "rev": "d1fb321e73048d0e1e2b523580268ebb3df2ae90",
        "type": "github"
      },
      "original": {
        "dir": "src/modules",
        "owner": "cachix",
        "repo": "devenv",
        "type": "github"
      }
    },
    "nixpkgs": {
      "locked": {
        "lastModified": 1783791668,
        "narHash": "sha256-zbcZ1dmBTPfJ7Mlqh/yLEPGpgJnwuv4Xr1xucy2WqMA=",
        "owner": "NixOS",
        "repo": "nixpkgs",
        "rev": "716c7a2664ca8325617b8a7fbb609273f2c4cae7",
        "type": "github"
      },
      "original": {
        "owner": "NixOS",
        "ref": "nixpkgs-unstable",
        "repo": "nixpkgs",
        "type": "github"
      }
    },
    "root": {
      "inputs": {
        "devenv": "devenv",
        "nixpkgs": "nixpkgs"
      }
    }
  },
  "root": "root",
  "version": 7
}