{
  "nodes": {
    "archix": {
      "inputs": {
        "nixpkgs": [
          "nixpkgs"
        ]
      },
      "locked": {
        "lastModified": 1788968035,
        "narHash": "sha256-8/PunLlVjpAGOiS502+CxM+UdgvhRiFVNHIPueeAqZk=",
        "owner": "SamLukeYes",
        "repo": "archix",
        "rev": "b999c62f0fdd18b3b6c92806df9494602ff1c035",
        "type": "github"
      },
      "original": {
        "owner": "SamLukeYes",
        "repo": "archix",
        "type": "github"
      }
    },
    "nixpkgs": {
      "locked": {
        "lastModified": 1790185690,
        "narHash": "sha256-EZwz6sR6RLzbKiJJ9QQgXPZ/zA6P8ecfFr/6fwBRfes=",
        "rev": "4975466d324710c576dc11ad614684e6bd8cad8e",
        "type": "tarball",
        "url": "https://releases.nixos.org/nixos/unstable/nixos-26.11pre1078696.4975466d3247/nixexprs.tar.zst"
      },
      "original": {
        "id": "nixpkgs",
        "ref": "nixos-unstable",
        "type": "indirect"
      }
    },
    "root": {
      "inputs": {
        "archix": "archix",
        "nixpkgs": "nixpkgs"
      }
    }
  },
  "root": "root",
  "version": 7
}
